
Microsoft Visual Studio Solution File, Format Version 12.00
# Visual Studio Version 17
VisualStudioVersion = 17.2.32616.157
MinimumVisualStudioVersion = 10.0.40219.1
Project("{FAE04EC0-301F-11D3-BF4B-00C04F79EFBC}") = "Notes.Identity", "Notes.Identity\Notes.Identity.csproj", "{B7CC89C6-6464-47CB-9C45-702270177C79}"
EndProject
Global
	GlobalSection(SolutionConfigurationPlatforms) = preSolution
		Debug|Any CPU = Debug|Any CPU
		Release|Any CPU = Release|Any CPU
	EndGlobalSection
	GlobalSection(ProjectConfigurationPlatforms) = postSolution
		{B7CC89C6-6464-47CB-9C45-702270177C79}.Debug|Any CPU.ActiveCfg = Debug|Any CPU
		{B7CC89C6-6464-47CB-9C45-702270177C79}.Debug|Any CPU.Build.0 = Debug|Any CPU
		{B7CC89C6-6464-47CB-9C45-702270177C79}.Release|Any CPU.ActiveCfg = Release|Any CPU
		{B7CC89C6-6464-47CB-9C45-702270177C79}.Release|Any CPU.Build.0 = Release|Any CPU
	EndGlobalSection
	GlobalSection(SolutionProperties) = preSolution
		HideSolutionNode = FALSE
	EndGlobalSection
	GlobalSection(ExtensibilityGlobals) = postSolution
		SolutionGuid = {B88617F0-7BB1-41AD-8125-B0833AE7F4CB}
	EndGlobalSection
EndGlobal
